// !$*UTF8*$!
{
	archiveVersion = 1;
	classes = {
	};
	objectVersion = 46;
	objects = {

/* Begin PBXBuildFile section */
		FC62B159155B3DE6009677E4 /* VBTransactionDetailViewController.m in Sources */ = {isa = PBXBuildFile; fileRef = FC62B158155B3DE6009677E4 /* VBTransactionDetailViewController.m */; };
		FC74C92715479CB800824EEB /* DrinkDataController.m in Sources */ = {isa = PBXBuildFile; fileRef = FC74C92615479CB800824EEB /* DrinkDataController.m */; };
		FC74C92E1547B4D000824EEB /* Transaction.m in Sources */ = {isa = PBXBuildFile; fileRef = FC74C92D1547B4D000824EEB /* Transaction.m */; };
		FC7CBD2A1528145D003C819A /* UIKit.framework in Frameworks */ = {isa = PBXBuildFile; fileRef = FC7CBD291528145D003C819A /* UIKit.framework */; };
		FC7CBD2C1528145D003C819A /* Foundation.framework in Frameworks */ = {isa = PBXBuildFile; fileRef = FC7CBD2B1528145D003C819A /* Foundation.framework */; };
		FC7CBD2E1528145D003C819A /* CoreGraphics.framework in Frameworks */ = {isa = PBXBuildFile; fileRef = FC7CBD2D1528145D003C819A /* CoreGraphics.framework */; };
		FC7CBD341528145D003C819A /* InfoPlist.strings in Resources */ = {isa = PBXBuildFile; fileRef = FC7CBD321528145D003C819A /* InfoPlist.strings */; };
		FC7CBD361528145D003C819A /* main.m in Sources */ = {isa = PBXBuildFile; fileRef = FC7CBD351528145D003C819A /* main.m */; };
		FC7CBD3A1528145D003C819A /* VintageBartenderAppDelegate.m in Sources */ = {isa = PBXBuildFile; fileRef = FC7CBD391528145D003C819A /* VintageBartenderAppDelegate.m */; };
		FC7CBD3D1528145D003C819A /* MainStoryboard_iPhone.storyboard in Resources */ = {isa = PBXBuildFile; fileRef = FC7CBD3B1528145D003C819A /* MainStoryboard_iPhone.storyboard */; };
		FC7CBD401528145D003C819A /* MainStoryboard_iPad.storyboard in Resources */ = {isa = PBXBuildFile; fileRef = FC7CBD3E1528145D003C819A /* MainStoryboard_iPad.storyboard */; };
		FC7CBD431528145D003C819A /* VBMakePurchaseViewController.m in Sources */ = {isa = PBXBuildFile; fileRef = FC7CBD421528145D003C819A /* VBMakePurchaseViewController.m */; };
		FC7CBD451528145D003C819A /* first.png in Resources */ = {isa = PBXBuildFile; fileRef = FC7CBD441528145D003C819A /* first.png */; };
		FC7CBD471528145D003C819A /* first@2x.png in Resources */ = {isa = PBXBuildFile; fileRef = FC7CBD461528145D003C819A /* first@2x.png */; };
		FC7CBD4A1528145D003C819A /* VBAllTransactionsViewController.m in Sources */ = {isa = PBXBuildFile; fileRef = FC7CBD491528145D003C819A /* VBAllTransactionsViewController.m */; };
		FC7CBD4C1528145D003C819A /* second.png in Resources */ = {isa = PBXBuildFile; fileRef = FC7CBD4B1528145D003C819A /* second.png */; };
		FC7CBD4E1528145D003C819A /* second@2x.png in Resources */ = {isa = PBXBuildFile; fileRef = FC7CBD4D1528145D003C819A /* second@2x.png */; };
		FC7CBD561528145D003C819A /* SenTestingKit.framework in Frameworks */ = {isa = PBXBuildFile; fileRef = FC7CBD551528145D003C819A /* SenTestingKit.framework */; };
		FC7CBD571528145D003C819A /* UIKit.framework in Frameworks */ = {isa = PBXBuildFile; fileRef = FC7CBD291528145D003C819A /* UIKit.framework */; };
		FC7CBD581528145D003C819A /* Foundation.framework in Frameworks */ = {isa = PBXBuildFile; fileRef = FC7CBD2B1528145D003C819A /* Foundation.framework */; };
		FC7CBD601528145D003C819A /* InfoPlist.strings in Resources */ = {isa = PBXBuildFile; fileRef = FC7CBD5E1528145D003C819A /* InfoPlist.strings */; };
		FC7CBD631528145D003C819A /* VintageBartender_MobileTests.m in Sources */ = {isa = PBXBuildFile; fileRef = FC7CBD621528145D003C819A /* VintageBartender_MobileTests.m */; };
		FC7CBDB615281880003C819A /* Barfly.m in Sources */ = {isa = PBXBuildFile; fileRef = FC7CBD9F15281880003C819A /* Barfly.m */; };
		FC7CBDB715281880003C819A /* BarflyDataController.m in Sources */ = {isa = PBXBuildFile; fileRef = FC7CBDA115281880003C819A /* BarflyDataController.m */; };
		FC7CBDBB15281880003C819A /* Default.png in Resources */ = {isa = PBXBuildFile; fileRef = FC7CBDA715281880003C819A /* Default.png */; };
		FC7CBDBC15281880003C819A /* Drink.m in Sources */ = {isa = PBXBuildFile; fileRef = FC7CBDA915281880003C819A /* Drink.m */; };
		FC7CBDBE15281880003C819A /* Payment.m in Sources */ = {isa = PBXBuildFile; fileRef = FC7CBDAD15281880003C819A /* Payment.m */; };
		FC7CBDBF15281880003C819A /* PaymentDataController.m in Sources */ = {isa = PBXBuildFile; fileRef = FC7CBDAF15281880003C819A /* PaymentDataController.m */; };
		FC7CBDC115281880003C819A /* Purchase.m in Sources */ = {isa = PBXBuildFile; fileRef = FC7CBDB315281880003C819A /* Purchase.m */; };
		FC7CBDC215281880003C819A /* PurchaseDataController.m in Sources */ = {isa = PBXBuildFile; fileRef = FC7CBDB515281880003C819A /* PurchaseDataController.m */; };
		FC9EB17315281ED50009D8D4 /* libRestKit.a in Frameworks */ = {isa = PBXBuildFile; fileRef = FC9EB16815281E9D0009D8D4 /* libRestKit.a */; };
		FC9EB17B15281F1C0009D8D4 /* CFNetwork.framework in Frameworks */ = {isa = PBXBuildFile; fileRef = FC9EB17415281F1C0009D8D4 /* CFNetwork.framework */; };
		FC9EB17C15281F1C0009D8D4 /* CoreData.framework in Frameworks */ = {isa = PBXBuildFile; fileRef = FC9EB17515281F1C0009D8D4 /* CoreData.framework */; };
		FC9EB17D15281F1C0009D8D4 /* libxml2.dylib in Frameworks */ = {isa = PBXBuildFile; fileRef = FC9EB17615281F1C0009D8D4 /* libxml2.dylib */; };
		FC9EB17E15281F1C0009D8D4 /* MobileCoreServices.framework in Frameworks */ = {isa = PBXBuildFile; fileRef = FC9EB17715281F1C0009D8D4 /* MobileCoreServices.framework */; };
		FC9EB17F15281F1C0009D8D4 /* QuartzCore.framework in Frameworks */ = {isa = PBXBuildFile; fileRef = FC9EB17815281F1C0009D8D4 /* QuartzCore.framework */; };
		FC9EB18015281F1C0009D8D4 /* Security.framework in Frameworks */ = {isa = PBXBuildFile; fileRef = FC9EB17915281F1C0009D8D4 /* Security.framework */; };
		FC9EB18115281F1C0009D8D4 /* SystemConfiguration.framework in Frameworks */ = {isa = PBXBuildFile; fileRef = FC9EB17A15281F1C0009D8D4 /* SystemConfiguration.framework */; };
		FCA30D85153A798900AE5879 /* beer.png in Resources */ = {isa = PBXBuildFile; fileRef = FCA30D84153A798900AE5879 /* beer.png */; };
		FCB8DCE215858B6400AAC4C9 /* libVenmo.a in Frameworks */ = {isa = PBXBuildFile; fileRef = FCB8DCDB158580F400AAC4C9 /* libVenmo.a */; };
		FCF8D3411592E83A00196FC7 /* VBLoginScreenViewController.m in Sources */ = {isa = PBXBuildFile; fileRef = FCF8D3401592E83A00196FC7 /* VBLoginScreenViewController.m */; };
/* End PBXBuildFile section */

/* Begin PBXContainerItemProxy section */
		FC7CBD591528145D003C819A /* PBXContainerItemProxy */ = {
			isa = PBXContainerItemProxy;
			containerPortal = FC7CBD1C1528145D003C819A /* Project object */;
			proxyType = 1;
			remoteGlobalIDString = FC7CBD241528145D003C819A;
			remoteInfo = "VintageBartender-Mobile";
		};
		FC9EB16715281E9D0009D8D4 /* PBXContainerItemProxy */ = {
			isa = PBXContainerItemProxy;
			containerPortal = FC9EB15C15281E9D0009D8D4 /* RestKit.xcodeproj */;
			proxyType = 2;
			remoteGlobalIDString = 25160D1614564E810060A5C5;
			remoteInfo = RestKit;
		};
		FC9EB16915281E9D0009D8D4 /* PBXContainerItemProxy */ = {
			isa = PBXContainerItemProxy;
			containerPortal = FC9EB15C15281E9D0009D8D4 /* RestKit.xcodeproj */;
			proxyType = 2;
			remoteGlobalIDString = 25160D2614564E820060A5C5;
			remoteInfo = RestKitTests;
		};
		FC9EB16B15281E9D0009D8D4 /* PBXContainerItemProxy */ = {
			isa = PBXContainerItemProxy;
			containerPortal = FC9EB15C15281E9D0009D8D4 /* RestKit.xcodeproj */;
			proxyType = 2;
			remoteGlobalIDString = 25160E62145651060060A5C5;
			remoteInfo = RestKitFramework;
		};
		FC9EB16D15281E9D0009D8D4 /* PBXContainerItemProxy */ = {
			isa = PBXContainerItemProxy;
			containerPortal = FC9EB15C15281E9D0009D8D4 /* RestKit.xcodeproj */;
			proxyType = 2;
			remoteGlobalIDString = 25160E78145651060060A5C5;
			remoteInfo = RestKitFrameworkTests;
		};
		FC9EB16F15281E9D0009D8D4 /* PBXContainerItemProxy */ = {
			isa = PBXContainerItemProxy;
			containerPortal = FC9EB15C15281E9D0009D8D4 /* RestKit.xcodeproj */;
			proxyType = 2;
			remoteGlobalIDString = 259C301615128079003066A2;
			remoteInfo = RestKitResources;
		};
		FC9EB17115281EB90009D8D4 /* PBXContainerItemProxy */ = {
			isa = PBXContainerItemProxy;
			containerPortal = FC9EB15C15281E9D0009D8D4 /* RestKit.xcodeproj */;
			proxyType = 1;
			remoteGlobalIDString = 25160D1514564E810060A5C5;
			remoteInfo = RestKit;
		};
		FCB8DCDA158580F400AAC4C9 /* PBXContainerItemProxy */ = {
			isa = PBXContainerItemProxy;
			containerPortal = FCB8DCCF158580F400AAC4C9 /* Venmo.xcodeproj */;
			proxyType = 2;
			remoteGlobalIDString = C9BD6C6A13EEE06400F4D8F4;
			remoteInfo = Venmo;
		};
		FCB8DCDC158580F400AAC4C9 /* PBXContainerItemProxy */ = {
			isa = PBXContainerItemProxy;
			containerPortal = FCB8DCCF158580F400AAC4C9 /* Venmo.xcodeproj */;
			proxyType = 2;
			remoteGlobalIDString = C9550E7613F5C48900212008;
			remoteInfo = VenmoApp;
		};
		FCB8DCDE158580F400AAC4C9 /* PBXContainerItemProxy */ = {
			isa = PBXContainerItemProxy;
			containerPortal = FCB8DCCF158580F400AAC4C9 /* Venmo.xcodeproj */;
			proxyType = 2;
			remoteGlobalIDString = C9BD6C7A13EEE06400F4D8F4;
			remoteInfo = VenmoSpecs;
		};
		FCB8DCE015858A9000AAC4C9 /* PBXContainerItemProxy */ = {
			isa = PBXContainerItemProxy;
			containerPortal = FCB8DCCF158580F400AAC4C9 /* Venmo.xcodeproj */;
			proxyType = 1;
			remoteGlobalIDString = C9BD6C6913EEE06400F4D8F4;
			remoteInfo = Venmo;
		};
/* End PBXContainerItemProxy section */

/* Begin PBXFileReference section */
		FC62B157155B3DE6009677E4 /* VBTransactionDetailViewController.h */ = {isa = PBXFileReference; fileEncoding = 4; lastKnownFileType = sourcecode.c.h; name = VBTransactionDetailViewController.h; path = "VintageBartender-Mobile/VBTransactionDetailViewController.h"; sourceTree = "<group>"; };
		FC62B158155B3DE6009677E4 /* VBTransactionDetailViewController.m */ = {isa = PBXFileReference; fileEncoding = 4; lastKnownFileType = sourcecode.c.objc; name = VBTransactionDetailViewController.m; path = "VintageBartender-Mobile/VBTransactionDetailViewController.m"; sourceTree = "<group>"; };
		FC74C92515479CB800824EEB /* DrinkDataController.h */ = {isa = PBXFileReference; fileEncoding = 4; lastKnownFileType = sourcecode.c.h; name = DrinkDataController.h; path = "VintageBartender-Mobile/DrinkDataController.h"; sourceTree = "<group>"; };
		FC74C92615479CB800824EEB /* DrinkDataController.m */ = {isa = PBXFileReference; fileEncoding = 4; lastKnownFileType = sourcecode.c.objc; name = DrinkDataController.m; path = "VintageBartender-Mobile/DrinkDataController.m"; sourceTree = "<group>"; };
		FC74C92C1547B4D000824EEB /* Transaction.h */ = {isa = PBXFileReference; fileEncoding = 4; lastKnownFileType = sourcecode.c.h; name = Transaction.h; path = "VintageBartender-Mobile/Transaction.h"; sourceTree = "<group>"; };
		FC74C92D1547B4D000824EEB /* Transaction.m */ = {isa = PBXFileReference; fileEncoding = 4; lastKnownFileType = sourcecode.c.objc; name = Transaction.m; path = "VintageBartender-Mobile/Transaction.m"; sourceTree = "<group>"; };
		FC7CBD251528145D003C819A /* VintageBartender-Mobile.app */ = {isa = PBXFileReference; explicitFileType = wrapper.application; includeInIndex = 0; path = "VintageBartender-Mobile.app"; sourceTree = BUILT_PRODUCTS_DIR; };
		FC7CBD291528145D003C819A /* UIKit.framework */ = {isa = PBXFileReference; lastKnownFileType = wrapper.framework; name = UIKit.framework; path = System/Library/Frameworks/UIKit.framework; sourceTree = SDKROOT; };
		FC7CBD2B1528145D003C819A /* Foundation.framework */ = {isa = PBXFileReference; lastKnownFileType = wrapper.framework; name = Foundation.framework; path = System/Library/Frameworks/Foundation.framework; sourceTree = SDKROOT; };
		FC7CBD2D1528145D003C819A /* CoreGraphics.framework */ = {isa = PBXFileReference; lastKnownFileType = wrapper.framework; name = CoreGraphics.framework; path = System/Library/Frameworks/CoreGraphics.framework; sourceTree = SDKROOT; };
		FC7CBD311528145D003C819A /* VintageBartender-Mobile-Info.plist */ = {isa = PBXFileReference; lastKnownFileType = text.plist.xml; path = "VintageBartender-Mobile-Info.plist"; sourceTree = "<group>"; };
		FC7CBD331528145D003C819A /* en */ = {isa = PBXFileReference; lastKnownFileType = text.plist.strings; name = en; path = en.lproj/InfoPlist.strings; sourceTree = "<group>"; };
		FC7CBD351528145D003C819A /* main.m */ = {isa = PBXFileReference; lastKnownFileType = sourcecode.c.objc; path = main.m; sourceTree = "<group>"; };
		FC7CBD371528145D003C819A /* VintageBartender-Mobile-Prefix.pch */ = {isa = PBXFileReference; lastKnownFileType = sourcecode.c.h; path = "VintageBartender-Mobile-Prefix.pch"; sourceTree = "<group>"; };
		FC7CBD381528145D003C819A /* VintageBartenderAppDelegate.h */ = {isa = PBXFileReference; lastKnownFileType = sourcecode.c.h; path = VintageBartenderAppDelegate.h; sourceTree = "<group>"; };
		FC7CBD391528145D003C819A /* VintageBartenderAppDelegate.m */ = {isa = PBXFileReference; lastKnownFileType = sourcecode.c.objc; path = VintageBartenderAppDelegate.m; sourceTree = "<group>"; };
		FC7CBD3C1528145D003C819A /* en */ = {isa = PBXFileReference; lastKnownFileType = file.storyboard; name = en; path = en.lproj/MainStoryboard_iPhone.storyboard; sourceTree = "<group>"; };
		FC7CBD3F1528145D003C819A /* en */ = {isa = PBXFileReference; lastKnownFileType = file.storyboard; name = en; path = en.lproj/MainStoryboard_iPad.storyboard; sourceTree = "<group>"; };
		FC7CBD411528145D003C819A /* VBMakePurchaseViewController.h */ = {isa = PBXFileReference; lastKnownFileType = sourcecode.c.h; name = VBMakePurchaseViewController.h; path = "VintageBartender-Mobile/VBMakePurchaseViewController.h"; sourceTree = "<group>"; };
		FC7CBD421528145D003C819A /* VBMakePurchaseViewController.m */ = {isa = PBXFileReference; lastKnownFileType = sourcecode.c.objc; name = VBMakePurchaseViewController.m; path = "VintageBartender-Mobile/VBMakePurchaseViewController.m"; sourceTree = "<group>"; };
		FC7CBD441528145D003C819A /* first.png */ = {isa = PBXFileReference; lastKnownFileType = image.png; name = first.png; path = "VintageBartender-Mobile/first.png"; sourceTree = "<group>"; };
		FC7CBD461528145D003C819A /* first@2x.png */ = {isa = PBXFileReference; lastKnownFileType = image.png; name = "first@2x.png"; path = "VintageBartender-Mobile/first@2x.png"; sourceTree = "<group>"; };
		FC7CBD481528145D003C819A /* VBAllTransactionsViewController.h */ = {isa = PBXFileReference; lastKnownFileType = sourcecode.c.h; name = VBAllTransactionsViewController.h; path = "VintageBartender-Mobile/VBAllTransactionsViewController.h"; sourceTree = "<group>"; };
		FC7CBD491528145D003C819A /* VBAllTransactionsViewController.m */ = {isa = PBXFileReference; lastKnownFileType = sourcecode.c.objc; name = VBAllTransactionsViewController.m; path = "VintageBartender-Mobile/VBAllTransactionsViewController.m"; sourceTree = "<group>"; };
		FC7CBD4B1528145D003C819A /* second.png */ = {isa = PBXFileReference; lastKnownFileType = image.png; name = second.png; path = "VintageBartender-Mobile/second.png"; sourceTree = "<group>"; };
		FC7CBD4D1528145D003C819A /* second@2x.png */ = {isa = PBXFileReference; lastKnownFileType = image.png; name = "second@2x.png"; path = "VintageBartender-Mobile/second@2x.png"; sourceTree = "<group>"; };
		FC7CBD541528145D003C819A /* VintageBartender-MobileTests.octest */ = {isa = PBXFileReference; explicitFileType = wrapper.cfbundle; includeInIndex = 0; path = "VintageBartender-MobileTests.octest"; sourceTree = BUILT_PRODUCTS_DIR; };
		FC7CBD551528145D003C819A /* SenTestingKit.framework */ = {isa = PBXFileReference; lastKnownFileType = wrapper.framework; name = SenTestingKit.framework; path = Library/Frameworks/SenTestingKit.framework; sourceTree = DEVELOPER_DIR; };
		FC7CBD5D1528145D003C819A /* VintageBartender-MobileTests-Info.plist */ = {isa = PBXFileReference; lastKnownFileType = text.plist.xml; path = "VintageBartender-MobileTests-Info.plist"; sourceTree = "<group>"; };
		FC7CBD5F1528145D003C819A /* en */ = {isa = PBXFileReference; lastKnownFileType = text.plist.strings; name = en; path = en.lproj/InfoPlist.strings; sourceTree = "<group>"; };
		FC7CBD611528145D003C819A /* VintageBartender_MobileTests.h */ = {isa = PBXFileReference; lastKnownFileType = sourcecode.c.h; path = VintageBartender_MobileTests.h; sourceTree = "<group>"; };
		FC7CBD621528145D003C819A /* VintageBartender_MobileTests.m */ = {isa = PBXFileReference; lastKnownFileType = sourcecode.c.objc; path = VintageBartender_MobileTests.m; sourceTree = "<group>"; };
		FC7CBD9E15281880003C819A /* Barfly.h */ = {isa = PBXFileReference; fileEncoding = 4; lastKnownFileType = sourcecode.c.h; name = Barfly.h; path = "VintageBartender-Mobile/Barfly.h"; sourceTree = "<group>"; };
		FC7CBD9F15281880003C819A /* Barfly.m */ = {isa = PBXFileReference; fileEncoding = 4; lastKnownFileType = sourcecode.c.objc; name = Barfly.m; path = "VintageBartender-Mobile/Barfly.m"; sourceTree = "<group>"; };
		FC7CBDA015281880003C819A /* BarflyDataController.h */ = {isa = PBXFileReference; fileEncoding = 4; lastKnownFileType = sourcecode.c.h; name = BarflyDataController.h; path = "VintageBartender-Mobile/BarflyDataController.h"; sourceTree = "<group>"; };
		FC7CBDA115281880003C819A /* BarflyDataController.m */ = {isa = PBXFileReference; fileEncoding = 4; lastKnownFileType = sourcecode.c.objc; name = BarflyDataController.m; path = "VintageBartender-Mobile/BarflyDataController.m"; sourceTree = "<group>"; };
		FC7CBDA715281880003C819A /* Default.png */ = {isa = PBXFileReference; lastKnownFileType = image.png; name = Default.png; path = "VintageBartender-Mobile/Default.png"; sourceTree = "<group>"; };
		FC7CBDA815281880003C819A /* Drink.h */ = {isa = PBXFileReference; fileEncoding = 4; lastKnownFileType = sourcecode.c.h; name = Drink.h; path = "VintageBartender-Mobile/Drink.h"; sourceTree = "<group>"; };
		FC7CBDA915281880003C819A /* Drink.m */ = {isa = PBXFileReference; fileEncoding = 4; lastKnownFileType = sourcecode.c.objc; name = Drink.m; path = "VintageBartender-Mobile/Drink.m"; sourceTree = "<group>"; };
		FC7CBDAC15281880003C819A /* Payment.h */ = {isa = PBXFileReference; fileEncoding = 4; lastKnownFileType = sourcecode.c.h; name = Payment.h; path = "VintageBartender-Mobile/Payment.h"; sourceTree = "<group>"; };
		FC7CBDAD15281880003C819A /* Payment.m */ = {isa = PBXFileReference; fileEncoding = 4; lastKnownFileType = sourcecode.c.objc; name = Payment.m; path = "VintageBartender-Mobile/Payment.m"; sourceTree = "<group>"; };
		FC7CBDAE15281880003C819A /* PaymentDataController.h */ = {isa = PBXFileReference; fileEncoding = 4; lastKnownFileType = sourcecode.c.h; name = PaymentDataController.h; path = "VintageBartender-Mobile/PaymentDataController.h"; sourceTree = "<group>"; };
		FC7CBDAF15281880003C819A /* PaymentDataController.m */ = {isa = PBXFileReference; fileEncoding = 4; lastKnownFileType = sourcecode.c.objc; name = PaymentDataController.m; path = "VintageBartender-Mobile/PaymentDataController.m"; sourceTree = "<group>"; };
		FC7CBDB215281880003C819A /* Purchase.h */ = {isa = PBXFileReference; fileEncoding = 4; lastKnownFileType = sourcecode.c.h; name = Purchase.h; path = "VintageBartender-Mobile/Purchase.h"; sourceTree = "<group>"; };
		FC7CBDB315281880003C819A /* Purchase.m */ = {isa = PBXFileReference; fileEncoding = 4; lastKnownFileType = sourcecode.c.objc; name = Purchase.m; path = "VintageBartender-Mobile/Purchase.m"; sourceTree = "<group>"; };
		FC7CBDB415281880003C819A /* PurchaseDataController.h */ = {isa = PBXFileReference; fileEncoding = 4; lastKnownFileType = sourcecode.c.h; name = PurchaseDataController.h; path = "VintageBartender-Mobile/PurchaseDataController.h"; sourceTree = "<group>"; };
		FC7CBDB515281880003C819A /* PurchaseDataController.m */ = {isa = PBXFileReference; fileEncoding = 4; lastKnownFileType = sourcecode.c.objc; name = PurchaseDataController.m; path = "VintageBartender-Mobile/PurchaseDataController.m"; sourceTree = "<group>"; };
		FC9EB15C15281E9D0009D8D4 /* RestKit.xcodeproj */ = {isa = PBXFileReference; lastKnownFileType = "wrapper.pb-project"; name = RestKit.xcodeproj; path = RestKit/RestKit.xcodeproj; sourceTree = "<group>"; };
		FC9EB17415281F1C0009D8D4 /* CFNetwork.framework */ = {isa = PBXFileReference; lastKnownFileType = wrapper.framework; name = CFNetwork.framework; path = System/Library/Frameworks/CFNetwork.framework; sourceTree = SDKROOT; };
		FC9EB17515281F1C0009D8D4 /* CoreData.framework */ = {isa = PBXFileReference; lastKnownFileType = wrapper.framework; name = CoreData.framework; path = System/Library/Frameworks/CoreData.framework; sourceTree = SDKROOT; };
		FC9EB17615281F1C0009D8D4 /* libxml2.dylib */ = {isa = PBXFileReference; lastKnownFileType = "compiled.mach-o.dylib"; name = libxml2.dylib; path = usr/lib/libxml2.dylib; sourceTree = SDKROOT; };
		FC9EB17715281F1C0009D8D4 /* MobileCoreServices.framework */ = {isa = PBXFileReference; lastKnownFileType = wrapper.framework; name = MobileCoreServices.framework; path = System/Library/Frameworks/MobileCoreServices.framework; sourceTree = SDKROOT; };
		FC9EB17815281F1C0009D8D4 /* QuartzCore.framework */ = {isa = PBXFileReference; lastKnownFileType = wrapper.framework; name = QuartzCore.framework; path = System/Library/Frameworks/QuartzCore.framework; sourceTree = SDKROOT; };
		FC9EB17915281F1C0009D8D4 /* Security.framework */ = {isa = PBXFileReference; lastKnownFileType = wrapper.framework; name = Security.framework; path = System/Library/Frameworks/Security.framework; sourceTree = SDKROOT; };
		FC9EB17A15281F1C0009D8D4 /* SystemConfiguration.framework */ = {isa = PBXFileReference; lastKnownFileType = wrapper.framework; name = SystemConfiguration.framework; path = System/Library/Frameworks/SystemConfiguration.framework; sourceTree = SDKROOT; };
		FCA30D84153A798900AE5879 /* beer.png */ = {isa = PBXFileReference; lastKnownFileType = image.png; name = beer.png; path = "VintageBartender-Mobile/beer.png"; sourceTree = "<group>"; };
		FCB8DCCF158580F400AAC4C9 /* Venmo.xcodeproj */ = {isa = PBXFileReference; lastKnownFileType = "wrapper.pb-project"; name = Venmo.xcodeproj; path = Venmo/Venmo.xcodeproj; sourceTree = "<group>"; };
		FCB8DCE315858DC200AAC4C9 /* VintageBartender.pch */ = {isa = PBXFileReference; fileEncoding = 4; lastKnownFileType = sourcecode.c.h; path = VintageBartender.pch; sourceTree = "<group>"; };
		FCF8D33F1592E83A00196FC7 /* VBLoginScreenViewController.h */ = {isa = PBXFileReference; fileEncoding = 4; lastKnownFileType = sourcecode.c.h; name = VBLoginScreenViewController.h; path = "VintageBartender-Mobile/VBLoginScreenViewController.h"; sourceTree = "<group>"; };
		FCF8D3401592E83A00196FC7 /* VBLoginScreenViewController.m */ = {isa = PBXFileReference; fileEncoding = 4; lastKnownFileType = sourcecode.c.objc; name = VBLoginScreenViewController.m; path = "VintageBartender-Mobile/VBLoginScreenViewController.m"; sourceTree = "<group>"; };
/* End PBXFileReference section */

/* Begin PBXFrameworksBuildPhase section */
		FC7CBD221528145D003C819A /* Frameworks */ = {
			isa = PBXFrameworksBuildPhase;
			buildActionMask = 2147483647;
			files = (
				FCB8DCE215858B6400AAC4C9 /* libVenmo.a in Frameworks */,
				FC9EB17B15281F1C0009D8D4 /* CFNetwork.framework in Frameworks */,
				FC9EB17C15281F1C0009D8D4 /* CoreData.framework in Frameworks */,
				FC9EB17D15281F1C0009D8D4 /* libxml2.dylib in Frameworks */,
				FC9EB17E15281F1C0009D8D4 /* MobileCoreServices.framework in Frameworks */,
				FC9EB17F15281F1C0009D8D4 /* QuartzCore.framework in Frameworks */,
				FC9EB18015281F1C0009D8D4 /* Security.framework in Frameworks */,
				FC9EB18115281F1C0009D8D4 /* SystemConfiguration.framework in Frameworks */,
				FC9EB17315281ED50009D8D4 /* libRestKit.a in Frameworks */,
				FC7CBD2A1528145D003C819A /* UIKit.framework in Frameworks */,
				FC7CBD2C1528145D003C819A /* Foundation.framework in Frameworks */,
				FC7CBD2E1528145D003C819A /* CoreGraphics.framework in Frameworks */,
			);
			runOnlyForDeploymentPostprocessing = 0;
		};
		FC7CBD501528145D003C819A /* Frameworks */ = {
			isa = PBXFrameworksBuildPhase;
			buildActionMask = 2147483647;
			files = (
				FC7CBD561528145D003C819A /* SenTestingKit.framework in Frameworks */,
				FC7CBD571528145D003C819A /* UIKit.framework in Frameworks */,
				FC7CBD581528145D003C819A /* Foundation.framework in Frameworks */,
			);
			runOnlyForDeploymentPostprocessing = 0;
		};
/* End PBXFrameworksBuildPhase section */

/* Begin PBXGroup section */
		FC74C92415479C8D00824EEB /* Drink */ = {
			isa = PBXGroup;
			children = (
				FC74C92515479CB800824EEB /* DrinkDataController.h */,
				FC74C92615479CB800824EEB /* DrinkDataController.m */,
			);
			name = Drink;
			sourceTree = "<group>";
		};
		FC7CBD1A1528145D003C819A = {
			isa = PBXGroup;
			children = (
				FCB8DCCE15857FF900AAC4C9 /* Libraries */,
				FC9EB17415281F1C0009D8D4 /* CFNetwork.framework */,
				FC9EB17515281F1C0009D8D4 /* CoreData.framework */,
				FC9EB17615281F1C0009D8D4 /* libxml2.dylib */,
				FC9EB17715281F1C0009D8D4 /* MobileCoreServices.framework */,
				FC9EB17815281F1C0009D8D4 /* QuartzCore.framework */,
				FC9EB17915281F1C0009D8D4 /* Security.framework */,
				FC9EB17A15281F1C0009D8D4 /* SystemConfiguration.framework */,
				FC9EB15C15281E9D0009D8D4 /* RestKit.xcodeproj */,
				FC7CBD2F1528145D003C819A /* VintageBartender-Mobile */,
				FC7CBD5B1528145D003C819A /* VintageBartender-MobileTests */,
				FC7CBD281528145D003C819A /* Frameworks */,
				FC7CBD261528145D003C819A /* Products */,
			);
			sourceTree = "<group>";
		};
		FC7CBD261528145D003C819A /* Products */ = {
			isa = PBXGroup;
			children = (
				FC7CBD251528145D003C819A /* VintageBartender-Mobile.app */,
				FC7CBD541528145D003C819A /* VintageBartender-MobileTests.octest */,
			);
			name = Products;
			sourceTree = "<group>";
		};
		FC7CBD281528145D003C819A /* Frameworks */ = {
			isa = PBXGroup;
			children = (
				FC7CBD291528145D003C819A /* UIKit.framework */,
				FC7CBD2B1528145D003C819A /* Foundation.framework */,
				FC7CBD2D1528145D003C819A /* CoreGraphics.framework */,
				FC7CBD551528145D003C819A /* SenTestingKit.framework */,
			);
			name = Frameworks;
			sourceTree = "<group>";
		};
		FC7CBD2F1528145D003C819A /* VintageBartender-Mobile */ = {
			isa = PBXGroup;
			children = (
				FC7CBD911528151D003C819A /* Controllers */,
				FC7CBD9015281516003C819A /* Views */,
				FC7CBD8F1528150F003C819A /* Models */,
				FC7CBD381528145D003C819A /* VintageBartenderAppDelegate.h */,
				FC7CBD391528145D003C819A /* VintageBartenderAppDelegate.m */,
				FC7CBD301528145D003C819A /* Supporting Files */,
				FCB8DCE315858DC200AAC4C9 /* VintageBartender.pch */,
			);
			path = "VintageBartender-Mobile";
			sourceTree = "<group>";
		};
		FC7CBD301528145D003C819A /* Supporting Files */ = {
			isa = PBXGroup;
			children = (
				FC7CBD9B152815F7003C819A /* Images */,
				FC7CBD311528145D003C819A /* VintageBartender-Mobile-Info.plist */,
				FC7CBD321528145D003C819A /* InfoPlist.strings */,
				FC7CBD351528145D003C819A /* main.m */,
				FC7CBD371528145D003C819A /* VintageBartender-Mobile-Prefix.pch */,
			);
			name = "Supporting Files";
			sourceTree = "<group>";
		};
		FC7CBD5B1528145D003C819A /* VintageBartender-MobileTests */ = {
			isa = PBXGroup;
			children = (
				FC7CBD611528145D003C819A /* VintageBartender_MobileTests.h */,
				FC7CBD621528145D003C819A /* VintageBartender_MobileTests.m */,
				FC7CBD5C1528145D003C819A /* Supporting Files */,
			);
			path = "VintageBartender-MobileTests";
			sourceTree = "<group>";
		};
		FC7CBD5C1528145D003C819A /* Supporting Files */ = {
			isa = PBXGroup;
			children = (
				FC7CBD5D1528145D003C819A /* VintageBartender-MobileTests-Info.plist */,
				FC7CBD5E1528145D003C819A /* InfoPlist.strings */,
			);
			name = "Supporting Files";
			sourceTree = "<group>";
		};
		FC7CBD8F1528150F003C819A /* Models */ = {
			isa = PBXGroup;
			children = (
				FC74C92C1547B4D000824EEB /* Transaction.h */,
				FC74C92D1547B4D000824EEB /* Transaction.m */,
				FC7CBD961528154E003C819A /* Drink */,
				FC7CBD9415281534003C819A /* Payment */,
				FC7CBD931528152C003C819A /* Purchase */,
				FC7CBD9215281524003C819A /* Barfly */,
			);
			name = Models;
			path = ..;
			sourceTree = "<group>";
		};
		FC7CBD9015281516003C819A /* Views */ = {
			isa = PBXGroup;
			children = (
				FCF8D33F1592E83A00196FC7 /* VBLoginScreenViewController.h */,
				FCF8D3401592E83A00196FC7 /* VBLoginScreenViewController.m */,
				FC7CBD411528145D003C819A /* VBMakePurchaseViewController.h */,
				FC7CBD421528145D003C819A /* VBMakePurchaseViewController.m */,
				FC7CBD481528145D003C819A /* VBAllTransactionsViewController.h */,
				FC7CBD491528145D003C819A /* VBAllTransactionsViewController.m */,
				FC62B157155B3DE6009677E4 /* VBTransactionDetailViewController.h */,
				FC62B158155B3DE6009677E4 /* VBTransactionDetailViewController.m */,
				FC7CBD3B1528145D003C819A /* MainStoryboard_iPhone.storyboard */,
				FC7CBD3E1528145D003C819A /* MainStoryboard_iPad.storyboard */,
			);
			name = Views;
			path = ..;
			sourceTree = "<group>";
		};
		FC7CBD911528151D003C819A /* Controllers */ = {
			isa = PBXGroup;
			children = (
				FC74C92415479C8D00824EEB /* Drink */,
				FC7CBD99152815B6003C819A /* Payment */,
				FC7CBD98152815AF003C819A /* Purchase */,
				FC7CBD97152815AA003C819A /* Barfly */,
			);
			name = Controllers;
			path = ..;
			sourceTree = "<group>";
		};
		FC7CBD9215281524003C819A /* Barfly */ = {
			isa = PBXGroup;
			children = (
				FC7CBD9E15281880003C819A /* Barfly.h */,
				FC7CBD9F15281880003C819A /* Barfly.m */,
			);
			name = Barfly;
			sourceTree = "<group>";
		};
		FC7CBD931528152C003C819A /* Purchase */ = {
			isa = PBXGroup;
			children = (
				FC7CBDB215281880003C819A /* Purchase.h */,
				FC7CBDB315281880003C819A /* Purchase.m */,
			);
			name = Purchase;
			sourceTree = "<group>";
		};
		FC7CBD9415281534003C819A /* Payment */ = {
			isa = PBXGroup;
			children = (
				FC7CBDAC15281880003C819A /* Payment.h */,
				FC7CBDAD15281880003C819A /* Payment.m */,
			);
			name = Payment;
			sourceTree = "<group>";
		};
		FC7CBD961528154E003C819A /* Drink */ = {
			isa = PBXGroup;
			children = (
				FC7CBDA815281880003C819A /* Drink.h */,
				FC7CBDA915281880003C819A /* Drink.m */,
			);
			name = Drink;
			sourceTree = "<group>";
		};
		FC7CBD97152815AA003C819A /* Barfly */ = {
			isa = PBXGroup;
			children = (
				FC7CBDA015281880003C819A /* BarflyDataController.h */,
				FC7CBDA115281880003C819A /* BarflyDataController.m */,
			);
			name = Barfly;
			sourceTree = "<group>";
		};
		FC7CBD98152815AF003C819A /* Purchase */ = {
			isa = PBXGroup;
			children = (
				FC7CBDB415281880003C819A /* PurchaseDataController.h */,
				FC7CBDB515281880003C819A /* PurchaseDataController.m */,
			);
			name = Purchase;
			sourceTree = "<group>";
		};
		FC7CBD99152815B6003C819A /* Payment */ = {
			isa = PBXGroup;
			children = (
				FC7CBDAE15281880003C819A /* PaymentDataController.h */,
				FC7CBDAF15281880003C819A /* PaymentDataController.m */,
			);
			name = Payment;
			sourceTree = "<group>";
		};
		FC7CBD9B152815F7003C819A /* Images */ = {
			isa = PBXGroup;
			children = (
				FCA30D84153A798900AE5879 /* beer.png */,
				FC7CBDA715281880003C819A /* Default.png */,
				FC7CBD441528145D003C819A /* first.png */,
				FC7CBD461528145D003C819A /* first@2x.png */,
				FC7CBD4B1528145D003C819A /* second.png */,
				FC7CBD4D1528145D003C819A /* second@2x.png */,
			);
			name = Images;
			path = ..;
			sourceTree = "<group>";
		};
		FC9EB15D15281E9D0009D8D4 /* Products */ = {
			isa = PBXGroup;
			children = (
				FC9EB16815281E9D0009D8D4 /* libRestKit.a */,
				FC9EB16A15281E9D0009D8D4 /* RestKitTests.octest */,
				FC9EB16C15281E9D0009D8D4 /* RestKit.framework */,
				FC9EB16E15281E9D0009D8D4 /* RestKitFrameworkTests.octest */,
				FC9EB17015281E9D0009D8D4 /* RestKitResources.bundle */,
			);
			name = Products;
			sourceTree = "<group>";
		};
		FCB8DCCE15857FF900AAC4C9 /* Libraries */ = {
			isa = PBXGroup;
			children = (
				FCB8DCCF158580F400AAC4C9 /* Venmo.xcodeproj */,
			);
			name = Libraries;
			path = ../Libraries;
			sourceTree = "<group>";
		};
		FCB8DCD0158580F400AAC4C9 /* Products */ = {
			isa = PBXGroup;
			children = (
				FCB8DCDB158580F400AAC4C9 /* libVenmo.a */,
				FCB8DCDD158580F400AAC4C9 /* VenmoApp.app */,
				FCB8DCDF158580F400AAC4C9 /* VenmoSpecs.octest */,
			);
			name = Products;
			sourceTree = "<group>";
		};
/* End PBXGroup section */

/* Begin PBXNativeTarget section */
		FC7CBD241528145D003C819A /* VintageBartender-Mobile */ = {
			isa = PBXNativeTarget;
			buildConfigurationList = FC7CBD661528145D003C819A /* Build configuration list for PBXNativeTarget "VintageBartender-Mobile" */;
			buildPhases = (
				FC7CBD211528145D003C819A /* Sources */,
				FC7CBD221528145D003C819A /* Frameworks */,
				FC7CBD231528145D003C819A /* Resources */,
			);
			buildRules = (
			);
			dependencies = (
				FCB8DCE115858A9000AAC4C9 /* PBXTargetDependency */,
				FC9EB17215281EB90009D8D4 /* PBXTargetDependency */,
			);
			name = "VintageBartender-Mobile";
			productName = "VintageBartender-Mobile";
			productReference = FC7CBD251528145D003C819A /* VintageBartender-Mobile.app */;
			productType = "com.apple.product-type.application";
		};
		FC7CBD531528145D003C819A /* VintageBartender-MobileTests */ = {
			isa = PBXNativeTarget;
			buildConfigurationList = FC7CBD691528145D003C819A /* Build configuration list for PBXNativeTarget "VintageBartender-MobileTests" */;
			buildPhases = (
				FC7CBD4F1528145D003C819A /* Sources */,
				FC7CBD501528145D003C819A /* Frameworks */,
				FC7CBD511528145D003C819A /* Resources */,
				FC7CBD521528145D003C819A /* ShellScript */,
			);
			buildRules = (
			);
			dependencies = (
				FC7CBD5A1528145D003C819A /* PBXTargetDependency */,
			);
			name = "VintageBartender-MobileTests";
			productName = "VintageBartender-MobileTests";
			productReference = FC7CBD541528145D003C819A /* VintageBartender-MobileTests.octest */;
			productType = "com.apple.product-type.bundle";
		};
/* End PBXNativeTarget section */

/* Begin PBXProject section */
		FC7CBD1C1528145D003C819A /* Project object */ = {
			isa = PBXProject;
			attributes = {
				CLASSPREFIX = VintageBartender;
				LastUpgradeCheck = 0430;
				ORGANIZATIONNAME = "Olin College of Engineering";
			};
			buildConfigurationList = FC7CBD1F1528145D003C819A /* Build configuration list for PBXProject "VintageBartender-Mobile" */;
			compatibilityVersion = "Xcode 3.2";
			developmentRegion = English;
			hasScannedForEncodings = 0;
			knownRegions = (
				en,
			);
			mainGroup = FC7CBD1A1528145D003C819A;
			productRefGroup = FC7CBD261528145D003C819A /* Products */;
			projectDirPath = "";
			projectReferences = (
				{
					ProductGroup = FC9EB15D15281E9D0009D8D4 /* Products */;
					ProjectRef = FC9EB15C15281E9D0009D8D4 /* RestKit.xcodeproj */;
				},
				{
					ProductGroup = FCB8DCD0158580F400AAC4C9 /* Products */;
					ProjectRef = FCB8DCCF158580F400AAC4C9 /* Venmo.xcodeproj */;
				},
			);
			projectRoot = "";
			targets = (
				FC7CBD241528145D003C819A /* VintageBartender-Mobile */,
				FC7CBD531528145D003C819A /* VintageBartender-MobileTests */,
			);
		};
/* End PBXProject section */

/* Begin PBXReferenceProxy section */
		FC9EB16815281E9D0009D8D4 /* libRestKit.a */ = {
			isa = PBXReferenceProxy;
			fileType = archive.ar;
			path = libRestKit.a;
			remoteRef = FC9EB16715281E9D0009D8D4 /* PBXContainerItemProxy */;
			sourceTree = BUILT_PRODUCTS_DIR;
		};
		FC9EB16A15281E9D0009D8D4 /* RestKitTests.octest */ = {
			isa = PBXReferenceProxy;
			fileType = wrapper.cfbundle;
			path = RestKitTests.octest;
			remoteRef = FC9EB16915281E9D0009D8D4 /* PBXContainerItemProxy */;
			sourceTree = BUILT_PRODUCTS_DIR;
		};
		FC9EB16C15281E9D0009D8D4 /* RestKit.framework */ = {
			isa = PBXReferenceProxy;
			fileType = wrapper.framework;
			path = RestKit.framework;
			remoteRef = FC9EB16B15281E9D0009D8D4 /* PBXContainerItemProxy */;
			sourceTree = BUILT_PRODUCTS_DIR;
		};
		FC9EB16E15281E9D0009D8D4 /* RestKitFrameworkTests.octest */ = {
			isa = PBXReferenceProxy;
			fileType = wrapper.cfbundle;
			path = RestKitFrameworkTests.octest;
			remoteRef = FC9EB16D15281E9D0009D8D4 /* PBXContainerItemProxy */;
			sourceTree = BUILT_PRODUCTS_DIR;
		};
		FC9EB17015281E9D0009D8D4 /* RestKitResources.bundle */ = {
			isa = PBXReferenceProxy;
			fileType = wrapper.cfbundle;
			path = RestKitResources.bundle;
			remoteRef = FC9EB16F15281E9D0009D8D4 /* PBXContainerItemProxy */;
			sourceTree = BUILT_PRODUCTS_DIR;
		};
		FCB8DCDB158580F400AAC4C9 /* libVenmo.a */ = {
			isa = PBXReferenceProxy;
			fileType = archive.ar;
			path = libVenmo.a;
			remoteRef = FCB8DCDA158580F400AAC4C9 /* PBXContainerItemProxy */;
			sourceTree = BUILT_PRODUCTS_DIR;
		};
		FCB8DCDD158580F400AAC4C9 /* VenmoApp.app */ = {
			isa = PBXReferenceProxy;
			fileType = wrapper.application;
			path = VenmoApp.app;
			remoteRef = FCB8DCDC158580F400AAC4C9 /* PBXContainerItemProxy */;
			sourceTree = BUILT_PRODUCTS_DIR;
		};
		FCB8DCDF158580F400AAC4C9 /* VenmoSpecs.octest */ = {
			isa = PBXReferenceProxy;
			fileType = wrapper.cfbundle;
			path = VenmoSpecs.octest;
			remoteRef = FCB8DCDE158580F400AAC4C9 /* PBXContainerItemProxy */;
			sourceTree = BUILT_PRODUCTS_DIR;
		};
/* End PBXReferenceProxy section */

/* Begin PBXResourcesBuildPhase section */
		FC7CBD231528145D003C819A /* Resources */ = {
			isa = PBXResourcesBuildPhase;
			buildActionMask = 2147483647;
			files = (
				FC7CBD341528145D003C819A /* InfoPlist.strings in Resources */,
				FC7CBD3D1528145D003C819A /* MainStoryboard_iPhone.storyboard in Resources */,
				FC7CBD401528145D003C819A /* MainStoryboard_iPad.storyboard in Resources */,
				FC7CBD451528145D003C819A /* first.png in Resources */,
				FC7CBD471528145D003C819A /* first@2x.png in Resources */,
				FC7CBD4C1528145D003C819A /* second.png in Resources */,
				FC7CBD4E1528145D003C819A /* second@2x.png in Resources */,
				FC7CBDBB15281880003C819A /* Default.png in Resources */,
				FCA30D85153A798900AE5879 /* beer.png in Resources */,
			);
			runOnlyForDeploymentPostprocessing = 0;
		};
		FC7CBD511528145D003C819A /* Resources */ = {
			isa = PBXResourcesBuildPhase;
			buildActionMask = 2147483647;
			files = (
				FC7CBD601528145D003C819A /* InfoPlist.strings in Resources */,
			);
			runOnlyForDeploymentPostprocessing = 0;
		};
/* End PBXResourcesBuildPhase section */

/* Begin PBXShellScriptBuildPhase section */
		FC7CBD521528145D003C819A /* ShellScript */ = {
			isa = PBXShellScriptBuildPhase;
			buildActionMask = 2147483647;
			files = (
			);
			inputPaths = (
			);
			outputPaths = (
			);
			runOnlyForDeploymentPostprocessing = 0;
			shellPath = /bin/sh;
			shellScript = "# Run the unit tests in this test bundle.\n\"${SYSTEM_DEVELOPER_DIR}/Tools/RunUnitTests\"\n";
		};
/* End PBXShellScriptBuildPhase section */

/* Begin PBXSourcesBuildPhase section */
		FC7CBD211528145D003C819A /* Sources */ = {
			isa = PBXSourcesBuildPhase;
			buildActionMask = 2147483647;
			files = (
				FC7CBD361528145D003C819A /* main.m in Sources */,
				FC7CBD3A1528145D003C819A /* VintageBartenderAppDelegate.m in Sources */,
				FC7CBD431528145D003C819A /* VBMakePurchaseViewController.m in Sources */,
				FC7CBD4A1528145D003C819A /* VBAllTransactionsViewController.m in Sources */,
				FC7CBDB615281880003C819A /* Barfly.m in Sources */,
				FC7CBDB715281880003C819A /* BarflyDataController.m in Sources */,
				FC7CBDBC15281880003C819A /* Drink.m in Sources */,
				FC7CBDBE15281880003C819A /* Payment.m in Sources */,
				FC7CBDBF15281880003C819A /* PaymentDataController.m in Sources */,
				FC7CBDC115281880003C819A /* Purchase.m in Sources */,
				FC7CBDC215281880003C819A /* PurchaseDataController.m in Sources */,
				FC74C92715479CB800824EEB /* DrinkDataController.m in Sources */,
				FC74C92E1547B4D000824EEB /* Transaction.m in Sources */,
				FC62B159155B3DE6009677E4 /* VBTransactionDetailViewController.m in Sources */,
				FCF8D3411592E83A00196FC7 /* VBLoginScreenViewController.m in Sources */,
			);
			runOnlyForDeploymentPostprocessing = 0;
		};
		FC7CBD4F1528145D003C819A /* Sources */ = {
			isa = PBXSourcesBuildPhase;
			buildActionMask = 2147483647;
			files = (
				FC7CBD631528145D003C819A /* VintageBartender_MobileTests.m in Sources */,
			);
			runOnlyForDeploymentPostprocessing = 0;
		};
/* End PBXSourcesBuildPhase section */

/* Begin PBXTargetDependency section */
		FC7CBD5A1528145D003C819A /* PBXTargetDependency */ = {
			isa = PBXTargetDependency;
			target = FC7CBD241528145D003C819A /* VintageBartender-Mobile */;
			targetProxy = FC7CBD591528145D003C819A /* PBXContainerItemProxy */;
		};
		FC9EB17215281EB90009D8D4 /* PBXTargetDependency */ = {
			isa = PBXTargetDependency;
			name = RestKit;
			targetProxy = FC9EB17115281EB90009D8D4 /* PBXContainerItemProxy */;
		};
		FCB8DCE115858A9000AAC4C9 /* PBXTargetDependency */ = {
			isa = PBXTargetDependency;
			name = Venmo;
			targetProxy = FCB8DCE015858A9000AAC4C9 /* PBXContainerItemProxy */;
		};
/* End PBXTargetDependency section */

/* Begin PBXVariantGroup section */
		FC7CBD321528145D003C819A /* InfoPlist.strings */ = {
			isa = PBXVariantGroup;
			children = (
				FC7CBD331528145D003C819A /* en */,
			);
			name = InfoPlist.strings;
			sourceTree = "<group>";
		};
		FC7CBD3B1528145D003C819A /* MainStoryboard_iPhone.storyboard */ = {
			isa = PBXVariantGroup;
			children = (
				FC7CBD3C1528145D003C819A /* en */,
			);
			name = MainStoryboard_iPhone.storyboard;
			path = "VintageBartender-Mobile";
			sourceTree = "<group>";
		};
		FC7CBD3E1528145D003C819A /* MainStoryboard_iPad.storyboard */ = {
			isa = PBXVariantGroup;
			children = (
				FC7CBD3F1528145D003C819A /* en */,
			);
			name = MainStoryboard_iPad.storyboard;
			path = "VintageBartender-Mobile";
			sourceTree = "<group>";
		};
		FC7CBD5E1528145D003C819A /* InfoPlist.strings */ = {
			isa = PBXVariantGroup;
			children = (
				FC7CBD5F1528145D003C819A /* en */,
			);
			name = InfoPlist.strings;
			sourceTree = "<group>";
		};
/* End PBXVariantGroup section */

/* Begin XCBuildConfiguration section */
		FC7CBD641528145D003C819A /* Debug */ = {
			isa = XCBuildConfiguration;
			buildSettings = {
				ALWAYS_SEARCH_USER_PATHS = NO;
				ARCHS = "$(ARCHS_STANDARD_32_BIT)";
				CLANG_ENABLE_OBJC_ARC = YES;
				"CODE_SIGN_IDENTITY[sdk=iphoneos*]" = "iPhone Developer";
				COPY_PHASE_STRIP = NO;
				GCC_C_LANGUAGE_STANDARD = gnu99;
				GCC_DYNAMIC_NO_PIC = NO;
				GCC_OPTIMIZATION_LEVEL = 0;
				GCC_PREPROCESSOR_DEFINITIONS = (
					"DEBUG=1",
					"$(inherited)",
				);
				GCC_SYMBOLS_PRIVATE_EXTERN = NO;
				GCC_VERSION = com.apple.compilers.llvm.clang.1_0;
				GCC_WARN_ABOUT_RETURN_TYPE = YES;
				GCC_WARN_UNINITIALIZED_AUTOS = YES;
				GCC_WARN_UNUSED_VARIABLE = YES;
				IPHONEOS_DEPLOYMENT_TARGET = 5.1;
				SDKROOT = iphoneos;
				TARGETED_DEVICE_FAMILY = "1,2";
			};
			name = Debug;
		};
		FC7CBD651528145D003C819A /* Release */ = {
			isa = XCBuildConfiguration;
			buildSettings = {
				ALWAYS_SEARCH_USER_PATHS = NO;
				ARCHS = "$(ARCHS_STANDARD_32_BIT)";
				CLANG_ENABLE_OBJC_ARC = YES;
				"CODE_SIGN_IDENTITY[sdk=iphoneos*]" = "iPhone Developer";
				COPY_PHASE_STRIP = YES;
				GCC_C_LANGUAGE_STANDARD = gnu99;
				GCC_VERSION = com.apple.compilers.llvm.clang.1_0;
				GCC_WARN_ABOUT_RETURN_TYPE = YES;
				GCC_WARN_UNINITIALIZED_AUTOS = YES;
				GCC_WARN_UNUSED_VARIABLE = YES;
				IPHONEOS_DEPLOYMENT_TARGET = 5.1;
				OTHER_CFLAGS = "-DNS_BLOCK_ASSERTIONS=1";
				SDKROOT = iphoneos;
				TARGETED_DEVICE_FAMILY = "1,2";
				VALIDATE_PRODUCT = YES;
			};
			name = Release;
		};
		FC7CBD671528145D003C819A /* Debug */ = {
			isa = XCBuildConfiguration;
			buildSettings = {
				GCC_PRECOMPILE_PREFIX_HEADER = YES;
				GCC_PREFIX_HEADER = "VintageBartender-Mobile/VintageBartender-Mobile-Prefix.pch";
				HEADER_SEARCH_PATHS = "$(BUILT_PRODUCTS_DIR)/../../Headers\"";
				INFOPLIST_FILE = "VintageBartender-Mobile/VintageBartender-Mobile-Info.plist";
				OTHER_LDFLAGS = (
					"-ObjC",
					"-force_load",
					"${BUILT_PRODUCTS_DIR}/libVenmo.a",
				);
				PRODUCT_NAME = "$(TARGET_NAME)";
				USER_HEADER_SEARCH_PATHS = "$(BUILT_PRODUCTS_DIR)/../../Headers\" Libraries/Venmo";
				WRAPPER_EXTENSION = app;
			};
			name = Debug;
		};
		FC7CBD681528145D003C819A /* Release */ = {
			isa = XCBuildConfiguration;
			buildSettings = {
				GCC_PRECOMPILE_PREFIX_HEADER = YES;
				GCC_PREFIX_HEADER = "VintageBartender-Mobile/VintageBartender-Mobile-Prefix.pch";
				HEADER_SEARCH_PATHS = "$(BUILT_PRODUCTS_DIR)/../../Headers\"";
				INFOPLIST_FILE = "VintageBartender-Mobile/VintageBartender-Mobile-Info.plist";
				OTHER_LDFLAGS = (
					"-ObjC",
					"-force_load",
					"${BUILT_PRODUCTS_DIR}/libVenmo.a",
				);
				PRODUCT_NAME = "$(TARGET_NAME)";
				USER_HEADER_SEARCH_PATHS = "$(BUILT_PRODUCTS_DIR)/../../Headers\" Libraries/Venmo";
				WRAPPER_EXTENSION = app;
			};
			name = Release;
		};
		FC7CBD6A1528145D003C819A /* Debug */ = {
			isa = XCBuildConfiguration;
			buildSettings = {
				BUNDLE_LOADER = "$(BUILT_PRODUCTS_DIR)/VintageBartender-Mobile.app/VintageBartender-Mobile";
				FRAMEWORK_SEARCH_PATHS = (
					"$(SDKROOT)/Developer/Library/Frameworks",
					"$(DEVELOPER_LIBRARY_DIR)/Frameworks",
				);
				GCC_PRECOMPILE_PREFIX_HEADER = YES;
				GCC_PREFIX_HEADER = "VintageBartender-Mobile/VintageBartender-Mobile-Prefix.pch";
				INFOPLIST_FILE = "VintageBartender-MobileTests/VintageBartender-MobileTests-Info.plist";
				PRODUCT_NAME = "$(TARGET_NAME)";
				TEST_HOST = "$(BUNDLE_LOADER)";
				WRAPPER_EXTENSION = octest;
			};
			name = Debug;
		};
		FC7CBD6B1528145D003C819A /* Release */ = {
			isa = XCBuildConfiguration;
			buildSettings = {
				BUNDLE_LOADER = "$(BUILT_PRODUCTS_DIR)/VintageBartender-Mobile.app/VintageBartender-Mobile";
				FRAMEWORK_SEARCH_PATHS = (
					"$(SDKROOT)/Developer/Library/Frameworks",
					"$(DEVELOPER_LIBRARY_DIR)/Frameworks",
				);
				GCC_PRECOMPILE_PREFIX_HEADER = YES;
				GCC_PREFIX_HEADER = "VintageBartender-Mobile/VintageBartender-Mobile-Prefix.pch";
				INFOPLIST_FILE = "VintageBartender-MobileTests/VintageBartender-MobileTests-Info.plist";
				PRODUCT_NAME = "$(TARGET_NAME)";
				TEST_HOST = "$(BUNDLE_LOADER)";
				WRAPPER_EXTENSION = octest;
			};
			name = Release;
		};
/* End XCBuildConfiguration section */

/* Begin XCConfigurationList section */
		FC7CBD1F1528145D003C819A /* Build configuration list for PBXProject "VintageBartender-Mobile" */ = {
			isa = XCConfigurationList;
			buildConfigurations = (
				FC7CBD641528145D003C819A /* Debug */,
				FC7CBD651528145D003C819A /* Release */,
			);
			defaultConfigurationIsVisible = 0;
			defaultConfigurationName = Release;
		};
		FC7CBD661528145D003C819A /* Build configuration list for PBXNativeTarget "VintageBartender-Mobile" */ = {
			isa = XCConfigurationList;
			buildConfigurations = (
				FC7CBD671528145D003C819A /* Debug */,
				FC7CBD681528145D003C819A /* Release */,
			);
			defaultConfigurationIsVisible = 0;
			defaultConfigurationName = Release;
		};
		FC7CBD691528145D003C819A /* Build configuration list for PBXNativeTarget "VintageBartender-MobileTests" */ = {
			isa = XCConfigurationList;
			buildConfigurations = (
				FC7CBD6A1528145D003C819A /* Debug */,
				FC7CBD6B1528145D003C819A /* Release */,
			);
			defaultConfigurationIsVisible = 0;
			defaultConfigurationName = Release;
		};
/* End XCConfigurationList section */
	};
	rootObject = FC7CBD1C1528145D003C819A /* Project object */;
}
